{
  "name": "3musketeers",
  "version": "1.0.0",
  "lockfileVersion": 1,
  "requires": true,
  "dependencies": {
    "ansi-styles": {
      "version": "3.2.1",
      "resolved": "https://registry.npmjs.org/ansi-styles/-/ansi-styles-3.2.1.tgz",
      "integrity": "sha512-VT0ZI6kZRdTh8YyJw3SMbYm/u+NqfsAxEpWO0Pf9sq8/e94WxxOpPKx9FR1FlyCtOVDNOQ+8ntlqFxiRc+r5qA==",
      "dev": true,
      "requires": {
        "color-convert": "1.9.2"
      }
    },
    "autoprefixer": {
      "version": "9.0.0",
      "resolved": "https://registry.npmjs.org/autoprefixer/-/autoprefixer-9.0.0.tgz",
      "integrity": "sha512-bMt9puCb+xk5ds1ghr1zzfJ09+SjOcseHCEawhMjibM5KfxkodW8PQMhhEnllyj4Cz3Yixy9A+/0De2VC9R+dQ==",
      "dev": true,
      "requires": {
        "browserslist": "4.0.1",
        "caniuse-lite": "1.0.30000865",
        "normalize-range": "0.1.2",
        "num2fraction": "1.2.2",
        "postcss": "7.0.1",
        "postcss-value-parser": "3.3.0"
      }
    },
    "browserslist": {
      "version": "4.0.1",
      "resolved": "https://registry.npmjs.org/browserslist/-/browserslist-4.0.1.tgz",
      "integrity": "sha512-QqiiIWchEIkney3wY53/huI7ZErouNAdvOkjorUALAwRcu3tEwOV3Sh6He0DnP38mz1JjBpCBb50jQBmaYuHPw==",
      "dev": true,
      "requires": {
        "caniuse-lite": "1.0.30000865",
        "electron-to-chromium": "1.3.52",
        "node-releases": "1.0.0-alpha.10"
      }
    },
    "bulma": {
      "version": "0.7.1",
      "resolved": "https://registry.npmjs.org/bulma/-/bulma-0.7.1.tgz",
      "integrity": "sha512-wRSO2LXB+qI9Pyz2id+uZr4quz5aftSN7Ay1ysr1+krzVp3utD+Ci4CeKuZdrYGc800t65b7heXBL6qw2Wo/lQ==",
      "dev": true
    },
    "caniuse-lite": {
      "version": "1.0.30000865",
      "resolved": "https://registry.npmjs.org/caniuse-lite/-/caniuse-lite-1.0.30000865.tgz",
      "integrity": "sha512-vs79o1mOSKRGv/1pSkp4EXgl4ZviWeYReXw60XfacPU64uQWZwJT6vZNmxRF9O+6zu71sJwMxLK5JXxbzuVrLw==",
      "dev": true
    },
    "chalk": {
      "version": "2.4.1",
      "resolved": "https://registry.npmjs.org/chalk/-/chalk-2.4.1.tgz",
      "integrity": "sha512-ObN6h1v2fTJSmUXoS3nMQ92LbDK9be4TV+6G+omQlGJFdcUX5heKi1LZ1YnRMIgwTLEj3E24bT6tYni50rlCfQ==",
      "dev": true,
      "requires": {
        "ansi-styles": "3.2.1",
        "escape-string-regexp": "1.0.5",
        "supports-color": "5.4.0"
      }
    },
    "color-convert": {
      "version": "1.9.2",
      "resolved": "https://registry.npmjs.org/color-convert/-/color-convert-1.9.2.tgz",
      "integrity": "sha512-3NUJZdhMhcdPn8vJ9v2UQJoH0qqoGUkYTgFEPZaPjEtwmmKUfNV46zZmgB2M5M4DCEQHMaCfWHCxiBflLm04Tg==",
      "dev": true,
      "requires": {
        "color-name": "1.1.1"
      }
    },
    "color-name": {
      "version": "1.1.1",
      "resolved": "https://registry.npmjs.org/color-name/-/color-name-1.1.1.tgz",
      "integrity": "sha1-SxQVMEz1ACjqgWQ2Q72C6gWANok=",
      "dev": true
    },
    "electron-to-chromium": {
      "version": "1.3.52",
      "resolved": "https://registry.npmjs.org/electron-to-chromium/-/electron-to-chromium-1.3.52.tgz",
      "integrity": "sha1-0tnxJwuko7lnuDHEDvcftNmrXOA=",
      "dev": true
    },
    "escape-string-regexp": {
      "version": "1.0.5",
      "resolved": "https://registry.npmjs.org/escape-string-regexp/-/escape-string-regexp-1.0.5.tgz",
      "integrity": "sha1-G2HAViGQqN/2rjuyzwIAyhMLhtQ=",
      "dev": true
    },
    "has-flag": {
      "version": "3.0.0",
      "resolved": "https://registry.npmjs.org/has-flag/-/has-flag-3.0.0.tgz",
      "integrity": "sha1-tdRU3CGZriJWmfNGfloH87lVuv0=",
      "dev": true
    },
    "node-releases": {
      "version": "1.0.0-alpha.10",
      "resolved": "https://registry.npmjs.org/node-releases/-/node-releases-1.0.0-alpha.10.tgz",
      "integrity": "sha512-BSQrRgOfN6L/MoKIa7pRUc7dHvflCXMcqyTBvphixcSsgJTuUd24vAFONuNfVsuwTyz28S1HEc9XN6ZKylk4Hg==",
      "dev": true,
      "requires": {
        "semver": "5.5.0"
      }
    },
    "normalize-range": {
      "version": "0.1.2",
      "resolved": "https://registry.npmjs.org/normalize-range/-/normalize-range-0.1.2.tgz",
      "integrity": "sha1-LRDAa9/TEuqXd2laTShDlFa3WUI=",
      "dev": true
    },
    "num2fraction": {
      "version": "1.2.2",
      "resolved": "https://registry.npmjs.org/num2fraction/-/num2fraction-1.2.2.tgz",
      "integrity": "sha1-b2gragJ6Tp3fpFZM0lidHU5mnt4=",
      "dev": true
    },
    "postcss": {
      "version": "7.0.1",
      "resolved": "https://registry.npmjs.org/postcss/-/postcss-7.0.1.tgz",
      "integrity": "sha512-c6M68yZX0bWnZ0GcX8duWcfweGeGQvYgw6w4xksRePDmrpCrLMqneN07xwce17ACWBAr0S+DoI0T31axZ21TKg==",
      "dev": true,
      "requires": {
        "chalk": "2.4.1",
        "source-map": "0.6.1",
        "supports-color": "5.4.0"
      }
    },
    "postcss-value-parser": {
      "version": "3.3.0",
      "resolved": "https://registry.npmjs.org/postcss-value-parser/-/postcss-value-parser-3.3.0.tgz",
      "integrity": "sha1-h/OPnxj3dKSrTIojL1xc6IcqnRU=",
      "dev": true
    },
    "semver": {
      "version": "5.5.0",
      "resolved": "https://registry.npmjs.org/semver/-/semver-5.5.0.tgz",
      "integrity": "sha512-4SJ3dm0WAwWy/NVeioZh5AntkdJoWKxHxcmyP622fOkgHa4z3R0TdBJICINyaSDE6uNwVc8gZr+ZinwZAH4xIA==",
      "dev": true
    },
    "source-map": {
      "version": "0.6.1",
      "resolved": "https://registry.npmjs.org/source-map/-/source-map-0.6.1.tgz",
      "integrity": "sha512-UjgapumWlbMhkBgzT7Ykc5YXUT46F0iKu8SGXq0bcwP5dz/h0Plj6enJqjz1Zbq2l5WaqYnrVbwWOWMyF3F47g==",
      "dev": true
    },
    "supports-color": {
      "version": "5.4.0",
      "resolved": "https://registry.npmjs.org/supports-color/-/supports-color-5.4.0.tgz",
      "integrity": "sha512-zjaXglF5nnWpsq470jSv6P9DwPvgLkuapYmfDm3JWOm0vkNTVF2tI4UrN2r6jH1qM/uc/WtxYY1hYoA2dOKj5w==",
      "dev": true,
      "requires": {
        "has-flag": "3.0.0"
      }
    }
  }
}
