# This file is autogenerated, do not edit; changes may be undone by the next 'dep ensure'.


[[projects]]
  name = "github.com/aws/aws-lambda-go"
  packages = [
    "events",
    "lambda",
    "lambda/messages",
    "lambdacontext"
  ]
  revision = "28a6e9fa1fc02d45d9a8c0a8d22c7d5c3580aa03"
  version = "v1.0.0"

[[projects]]
  branch = "master"
  name = "github.com/davecgh/go-spew"
  packages = ["spew"]
  revision = "5215b55f46b2b919f50a1df0eaa5886afe4e3b3d"

[[projects]]
  branch = "master"
  name = "github.com/pmezard/go-difflib"
  packages = ["difflib"]
  revision = "e8554b8641db39598be7f6342874b958f12ae1d4"

[[projects]]
  branch = "master"
  name = "github.com/stretchr/testify"
  packages = ["assert"]
  revision = "e3a8ff8ce36581f87a15341206f205b1da467059"

[solve-meta]
  analyzer-name = "dep"
  analyzer-version = 1
  inputs-digest = "8e57ab2c0af5ec9d368ed79b804db019613f68ca7f166f7efaeaaf06802d9a37"
  solver-name = "gps-cdcl"
  solver-version = 1
