# This file is autogenerated, do not edit; changes may be undone by the next 'dep ensure'.


[[projects]]
  branch = "master"
  name = "github.com/davecgh/go-spew"
  packages = ["spew"]
  revision = "5215b55f46b2b919f50a1df0eaa5886afe4e3b3d"

[[projects]]
  branch = "master"
  name = "github.com/eawsy/aws-lambda-go-core"
  packages = ["service/lambda/runtime"]
  revision = "aa9f999391868fb36d03d0983c39c431a5ecc26d"

[[projects]]
  branch = "master"
  name = "github.com/eawsy/aws-lambda-go-event"
  packages = ["service/lambda/runtime/event/apigatewayproxyevt"]
  revision = "a318481f661f091bafea408f9967cb1ac5bf8905"

[[projects]]
  branch = "master"
  name = "github.com/pmezard/go-difflib"
  packages = ["difflib"]
  revision = "e8554b8641db39598be7f6342874b958f12ae1d4"

[[projects]]
  branch = "master"
  name = "github.com/stretchr/testify"
  packages = ["assert"]
  revision = "e3a8ff8ce36581f87a15341206f205b1da467059"

[[projects]]
  branch = "master"
  name = "github.com/yunspace/serverless-golang"
  packages = ["aws/event/apigateway"]
  revision = "bf8abb17f21faf01242963ce5f1ce4c1d244f52b"

[solve-meta]
  analyzer-name = "dep"
  analyzer-version = 1
  inputs-digest = "fac82bc07e64769c9dcb8275cf2106b485e931ab7cd7a7d2e71cf98081de7b5f"
  solver-name = "gps-cdcl"
  solver-version = 1
